
Microsoft Visual Studio Solution File, Format Version 12.00
# Visual Studio Version 16
VisualStudioVersion = 16.0.30523.141
MinimumVisualStudioVersion = 10.0.40219.1
Project("{FAE04EC0-301F-11D3-BF4B-00C04F79EFBC}") = "MyWebApplicationForAzureDemo", "MyWebApplicationForAzureDemo\MyWebApplicationForAzureDemo.csproj", "{BBBEF560-28E2-443F-A756-D932CE19E20C}"
EndProject
Global
	GlobalSection(SolutionConfigurationPlatforms) = preSolution
		Debug|Any CPU = Debug|Any CPU
		Release|Any CPU = Release|Any CPU
	EndGlobalSection
	GlobalSection(ProjectConfigurationPlatforms) = postSolution
		{BBBEF560-28E2-443F-A756-D932CE19E20C}.Debug|Any CPU.ActiveCfg = Debug|Any CPU
		{BBBEF560-28E2-443F-A756-D932CE19E20C}.Debug|Any CPU.Build.0 = Debug|Any CPU
		{BBBEF560-28E2-443F-A756-D932CE19E20C}.Release|Any CPU.ActiveCfg = Release|Any CPU
		{BBBEF560-28E2-443F-A756-D932CE19E20C}.Release|Any CPU.Build.0 = Release|Any CPU
	EndGlobalSection
	GlobalSection(SolutionProperties) = preSolution
		HideSolutionNode = FALSE
	EndGlobalSection
	GlobalSection(ExtensibilityGlobals) = postSolution
		SolutionGuid = {556592C2-DC96-449E-8CD1-3968019FC0C8}
	EndGlobalSection
EndGlobal
